
Microsoft Visual Studio Solution File, Format Version 12.00
# Visual Studio Version 16
VisualStudioVersion = 16.0.30907.101
MinimumVisualStudioVersion = 10.0.40219.1
Project("{FAE04EC0-301F-11D3-BF4B-00C04F79EFBC}") = "BubbleSort", "BubbleSort\BubbleSort.csproj", "{E98E8C47-A087-4C7F-A506-DC97D941E143}"
EndProject
Global
	GlobalSection(SolutionConfigurationPlatforms) = preSolution
		Debug|Any CPU = Debug|Any CPU
		Release|Any CPU = Release|Any CPU
	EndGlobalSection
	GlobalSection(ProjectConfigurationPlatforms) = postSolution
		{E98E8C47-A087-4C7F-A506-DC97D941E143}.Debug|Any CPU.ActiveCfg = Debug|Any CPU
		{E98E8C47-A087-4C7F-A506-DC97D941E143}.Debug|Any CPU.Build.0 = Debug|Any CPU
		{E98E8C47-A087-4C7F-A506-DC97D941E143}.Release|Any CPU.ActiveCfg = Release|Any CPU
		{E98E8C47-A087-4C7F-A506-DC97D941E143}.Release|Any CPU.Build.0 = Release|Any CPU
	EndGlobalSection
	GlobalSection(SolutionProperties) = preSolution
		HideSolutionNode = FALSE
	EndGlobalSection
	GlobalSection(ExtensibilityGlobals) = postSolution
		SolutionGuid = {E0D85EF9-0244-44D9-AF59-015C89A4C5C9}
	EndGlobalSection
EndGlobal
