
Microsoft Visual Studio Solution File, Format Version 12.00
# Visual Studio Version 16
VisualStudioVersion = 16.0.30907.101
MinimumVisualStudioVersion = 10.0.40219.1
Project("{FAE04EC0-301F-11D3-BF4B-00C04F79EFBC}") = "AddingOneToNumber", "AddingOneToNumber\AddingOneToNumber.csproj", "{12DC6554-0A2B-4C0C-A5BD-54265F799A10}"
EndProject
Global
	GlobalSection(SolutionConfigurationPlatforms) = preSolution
		Debug|Any CPU = Debug|Any CPU
		Release|Any CPU = Release|Any CPU
	EndGlobalSection
	GlobalSection(ProjectConfigurationPlatforms) = postSolution
		{12DC6554-0A2B-4C0C-A5BD-54265F799A10}.Debug|Any CPU.ActiveCfg = Debug|Any CPU
		{12DC6554-0A2B-4C0C-A5BD-54265F799A10}.Debug|Any CPU.Build.0 = Debug|Any CPU
		{12DC6554-0A2B-4C0C-A5BD-54265F799A10}.Release|Any CPU.ActiveCfg = Release|Any CPU
		{12DC6554-0A2B-4C0C-A5BD-54265F799A10}.Release|Any CPU.Build.0 = Release|Any CPU
	EndGlobalSection
	GlobalSection(SolutionProperties) = preSolution
		HideSolutionNode = FALSE
	EndGlobalSection
	GlobalSection(ExtensibilityGlobals) = postSolution
		SolutionGuid = {07791891-14A6-4208-BA7D-5FF9DA26512A}
	EndGlobalSection
EndGlobal
