
Microsoft Visual Studio Solution File, Format Version 12.00
# Visual Studio Version 16
VisualStudioVersion = 16.0.30907.101
MinimumVisualStudioVersion = 10.0.40219.1
Project("{FAE04EC0-301F-11D3-BF4B-00C04F79EFBC}") = "ReverseName", "ReverseName\ReverseName.csproj", "{5863D557-1D5C-48D4-9FC7-A589D5C4C6CC}"
EndProject
Global
	GlobalSection(SolutionConfigurationPlatforms) = preSolution
		Debug|Any CPU = Debug|Any CPU
		Release|Any CPU = Release|Any CPU
	EndGlobalSection
	GlobalSection(ProjectConfigurationPlatforms) = postSolution
		{5863D557-1D5C-48D4-9FC7-A589D5C4C6CC}.Debug|Any CPU.ActiveCfg = Debug|Any CPU
		{5863D557-1D5C-48D4-9FC7-A589D5C4C6CC}.Debug|Any CPU.Build.0 = Debug|Any CPU
		{5863D557-1D5C-48D4-9FC7-A589D5C4C6CC}.Release|Any CPU.ActiveCfg = Release|Any CPU
		{5863D557-1D5C-48D4-9FC7-A589D5C4C6CC}.Release|Any CPU.Build.0 = Release|Any CPU
	EndGlobalSection
	GlobalSection(SolutionProperties) = preSolution
		HideSolutionNode = FALSE
	EndGlobalSection
	GlobalSection(ExtensibilityGlobals) = postSolution
		SolutionGuid = {D3F67A4F-D5C5-4FA5-B1DF-B375FBAC849C}
	EndGlobalSection
EndGlobal
