
Microsoft Visual Studio Solution File, Format Version 12.00
# Visual Studio Version 16
VisualStudioVersion = 16.0.30907.101
MinimumVisualStudioVersion = 10.0.40219.1
Project("{FAE04EC0-301F-11D3-BF4B-00C04F79EFBC}") = "SpiralOrderMatrix", "SpiralOrderMatrix\SpiralOrderMatrix.csproj", "{50A0DE30-FFC7-4F37-B9BA-53E9E08FDE07}"
EndProject
Global
	GlobalSection(SolutionConfigurationPlatforms) = preSolution
		Debug|Any CPU = Debug|Any CPU
		Release|Any CPU = Release|Any CPU
	EndGlobalSection
	GlobalSection(ProjectConfigurationPlatforms) = postSolution
		{50A0DE30-FFC7-4F37-B9BA-53E9E08FDE07}.Debug|Any CPU.ActiveCfg = Debug|Any CPU
		{50A0DE30-FFC7-4F37-B9BA-53E9E08FDE07}.Debug|Any CPU.Build.0 = Debug|Any CPU
		{50A0DE30-FFC7-4F37-B9BA-53E9E08FDE07}.Release|Any CPU.ActiveCfg = Release|Any CPU
		{50A0DE30-FFC7-4F37-B9BA-53E9E08FDE07}.Release|Any CPU.Build.0 = Release|Any CPU
	EndGlobalSection
	GlobalSection(SolutionProperties) = preSolution
		HideSolutionNode = FALSE
	EndGlobalSection
	GlobalSection(ExtensibilityGlobals) = postSolution
		SolutionGuid = {3CC9AC3C-26A6-4A77-978A-D7CFAC1B9559}
	EndGlobalSection
EndGlobal
