
Microsoft Visual Studio Solution File, Format Version 12.00
# Visual Studio Version 16
VisualStudioVersion = 16.0.30907.101
MinimumVisualStudioVersion = 10.0.40219.1
Project("{FAE04EC0-301F-11D3-BF4B-00C04F79EFBC}") = "MergeSort", "MergeSort\MergeSort.csproj", "{01999FA0-E4C4-40E7-A04D-396238DE3EF5}"
EndProject
Global
	GlobalSection(SolutionConfigurationPlatforms) = preSolution
		Debug|Any CPU = Debug|Any CPU
		Release|Any CPU = Release|Any CPU
	EndGlobalSection
	GlobalSection(ProjectConfigurationPlatforms) = postSolution
		{01999FA0-E4C4-40E7-A04D-396238DE3EF5}.Debug|Any CPU.ActiveCfg = Debug|Any CPU
		{01999FA0-E4C4-40E7-A04D-396238DE3EF5}.Debug|Any CPU.Build.0 = Debug|Any CPU
		{01999FA0-E4C4-40E7-A04D-396238DE3EF5}.Release|Any CPU.ActiveCfg = Release|Any CPU
		{01999FA0-E4C4-40E7-A04D-396238DE3EF5}.Release|Any CPU.Build.0 = Release|Any CPU
	EndGlobalSection
	GlobalSection(SolutionProperties) = preSolution
		HideSolutionNode = FALSE
	EndGlobalSection
	GlobalSection(ExtensibilityGlobals) = postSolution
		SolutionGuid = {50321A06-CCD6-4435-ABC1-3B780DD7219A}
	EndGlobalSection
EndGlobal
